
Microsoft Visual Studio Solution File, Format Version 12.00
# Visual Studio Version 17
VisualStudioVersion = 17.3.32929.385
MinimumVisualStudioVersion = 10.0.40219.1
Project("{9A19103F-16F7-4668-BE54-9A1E7A4F7556}") = "Frostbite", "Frostbite\Frostbite.csproj", "{6115D3F1-41CE-4283-A513-C4DDE3F2ABC3}"
EndProject
Project("{FAE04EC0-301F-11D3-BF4B-00C04F79EFBC}") = "Frostbite.Tests", "Frostbite.Tests\Frostbite.Tests.csproj", "{8590CCDE-9311-4EBA-8757-6CB703BCCCAC}"
EndProject
Global
	GlobalSection(SolutionConfigurationPlatforms) = preSolution
		Debug|Any CPU = Debug|Any CPU
		Release|Any CPU = Release|Any CPU
	EndGlobalSection
	GlobalSection(ProjectConfigurationPlatforms) = postSolution
		{6115D3F1-41CE-4283-A513-C4DDE3F2ABC3}.Debug|Any CPU.ActiveCfg = Debug|Any CPU
		{6115D3F1-41CE-4283-A513-C4DDE3F2ABC3}.Debug|Any CPU.Build.0 = Debug|Any CPU
		{6115D3F1-41CE-4283-A513-C4DDE3F2ABC3}.Release|Any CPU.ActiveCfg = Release|Any CPU
		{6115D3F1-41CE-4283-A513-C4DDE3F2ABC3}.Release|Any CPU.Build.0 = Release|Any CPU
		{8590CCDE-9311-4EBA-8757-6CB703BCCCAC}.Debug|Any CPU.ActiveCfg = Debug|Any CPU
		{8590CCDE-9311-4EBA-8757-6CB703BCCCAC}.Debug|Any CPU.Build.0 = Debug|Any CPU
		{8590CCDE-9311-4EBA-8757-6CB703BCCCAC}.Release|Any CPU.ActiveCfg = Release|Any CPU
		{8590CCDE-9311-4EBA-8757-6CB703BCCCAC}.Release|Any CPU.Build.0 = Release|Any CPU
	EndGlobalSection
	GlobalSection(SolutionProperties) = preSolution
		HideSolutionNode = FALSE
	EndGlobalSection
	GlobalSection(ExtensibilityGlobals) = postSolution
		SolutionGuid = {9F2AD912-8D27-453E-A5AC-EDE8C1BC1B53}
	EndGlobalSection
EndGlobal
